// !$*UTF8*$!
{
	archiveVersion = 1;
	classes = {
	};
	objectVersion = 56;
	objects = {

/* Begin PBXBuildFile section */
		820E5C0F2A0CFBFA001FCAA7 /* SplashScreen.swift in Sources */ = {isa = PBXBuildFile; fileRef = 820E5C0E2A0CFBFA001FCAA7 /* SplashScreen.swift */; };
		823ED43329F7D17A001E0F7B /* Workout_PalApp.swift in Sources */ = {isa = PBXBuildFile; fileRef = 823ED43229F7D17A001E0F7B /* Workout_PalApp.swift */; };
		823ED43729F7D17C001E0F7B /* Assets.xcassets in Resources */ = {isa = PBXBuildFile; fileRef = 823ED43629F7D17C001E0F7B /* Assets.xcassets */; };
		823ED43A29F7D17C001E0F7B /* Preview Assets.xcassets in Resources */ = {isa = PBXBuildFile; fileRef = 823ED43929F7D17C001E0F7B /* Preview Assets.xcassets */; };
		82520BC329FA5B8500869E64 /* HomeScreen.swift in Sources */ = {isa = PBXBuildFile; fileRef = 82520BC229FA5B8500869E64 /* HomeScreen.swift */; };
		829128D12A03C685003B23C9 /* MuscleGroup.swift in Sources */ = {isa = PBXBuildFile; fileRef = 829128D02A03C685003B23C9 /* MuscleGroup.swift */; };
		829128D32A03C6A0003B23C9 /* Exercise.swift in Sources */ = {isa = PBXBuildFile; fileRef = 829128D22A03C6A0003B23C9 /* Exercise.swift */; };
		829128D52A03C9C6003B23C9 /* ExerciseData.swift in Sources */ = {isa = PBXBuildFile; fileRef = 829128D42A03C9C6003B23C9 /* ExerciseData.swift */; };
		829128D72A03DA99003B23C9 /* DayWorkoutScreen.swift in Sources */ = {isa = PBXBuildFile; fileRef = 829128D62A03DA99003B23C9 /* DayWorkoutScreen.swift */; };
		82EEBECC2A178E7A0055A610 /* ExerciseStore.swift in Sources */ = {isa = PBXBuildFile; fileRef = 82EEBECB2A178E7A0055A610 /* ExerciseStore.swift */; };
		82F097D32A0E371100B52FA8 /* AddExerciseView.swift in Sources */ = {isa = PBXBuildFile; fileRef = 82F097D22A0E371100B52FA8 /* AddExerciseView.swift */; };
/* End PBXBuildFile section */

/* Begin PBXFileReference section */
		820E5C0E2A0CFBFA001FCAA7 /* SplashScreen.swift */ = {isa = PBXFileReference; lastKnownFileType = sourcecode.swift; path = SplashScreen.swift; sourceTree = "<group>"; };
		823ED42F29F7D17A001E0F7B /* Workout Pal.app */ = {isa = PBXFileReference; explicitFileType = wrapper.application; includeInIndex = 0; path = "Workout Pal.app"; sourceTree = BUILT_PRODUCTS_DIR; };
		823ED43229F7D17A001E0F7B /* Workout_PalApp.swift */ = {isa = PBXFileReference; lastKnownFileType = sourcecode.swift; path = Workout_PalApp.swift; sourceTree = "<group>"; };
		823ED43629F7D17C001E0F7B /* Assets.xcassets */ = {isa = PBXFileReference; lastKnownFileType = folder.assetcatalog; path = Assets.xcassets; sourceTree = "<group>"; };
		823ED43929F7D17C001E0F7B /* Preview Assets.xcassets */ = {isa = PBXFileReference; lastKnownFileType = folder.assetcatalog; path = "Preview Assets.xcassets"; sourceTree = "<group>"; };
		82520BC229FA5B8500869E64 /* HomeScreen.swift */ = {isa = PBXFileReference; lastKnownFileType = sourcecode.swift; path = HomeScreen.swift; sourceTree = "<group>"; };
		829128D02A03C685003B23C9 /* MuscleGroup.swift */ = {isa = PBXFileReference; lastKnownFileType = sourcecode.swift; path = MuscleGroup.swift; sourceTree = "<group>"; };
		829128D22A03C6A0003B23C9 /* Exercise.swift */ = {isa = PBXFileReference; lastKnownFileType = sourcecode.swift; path = Exercise.swift; sourceTree = "<group>"; };
		829128D42A03C9C6003B23C9 /* ExerciseData.swift */ = {isa = PBXFileReference; lastKnownFileType = sourcecode.swift; path = ExerciseData.swift; sourceTree = "<group>"; };
		829128D62A03DA99003B23C9 /* DayWorkoutScreen.swift */ = {isa = PBXFileReference; lastKnownFileType = sourcecode.swift; path = DayWorkoutScreen.swift; sourceTree = "<group>"; };
		82EEBECB2A178E7A0055A610 /* ExerciseStore.swift */ = {isa = PBXFileReference; lastKnownFileType = sourcecode.swift; path = ExerciseStore.swift; sourceTree = "<group>"; };
		82F097D22A0E371100B52FA8 /* AddExerciseView.swift */ = {isa = PBXFileReference; lastKnownFileType = sourcecode.swift; path = AddExerciseView.swift; sourceTree = "<group>"; };
/* End PBXFileReference section */

/* Begin PBXFrameworksBuildPhase section */
		823ED42C29F7D17A001E0F7B /* Frameworks */ = {
			isa = PBXFrameworksBuildPhase;
			buildActionMask = 2147483647;
			files = (
			);
			runOnlyForDeploymentPostprocessing = 0;
		};
/* End PBXFrameworksBuildPhase section */

/* Begin PBXGroup section */
		823ED42629F7D17A001E0F7B = {
			isa = PBXGroup;
			children = (
				823ED43129F7D17A001E0F7B /* Workout Pal */,
				823ED43029F7D17A001E0F7B /* Products */,
			);
			sourceTree = "<group>";
		};
		823ED43029F7D17A001E0F7B /* Products */ = {
			isa = PBXGroup;
			children = (
				823ED42F29F7D17A001E0F7B /* Workout Pal.app */,
			);
			name = Products;
			sourceTree = "<group>";
		};
		823ED43129F7D17A001E0F7B /* Workout Pal */ = {
			isa = PBXGroup;
			children = (
				823ED43229F7D17A001E0F7B /* Workout_PalApp.swift */,
				829128C52A03AEB9003B23C9 /* Views */,
				829128C42A03AEB1003B23C9 /* Models */,
				823ED43629F7D17C001E0F7B /* Assets.xcassets */,
				823ED43829F7D17C001E0F7B /* Preview Content */,
			);
			path = "Workout Pal";
			sourceTree = "<group>";
		};
		823ED43829F7D17C001E0F7B /* Preview Content */ = {
			isa = PBXGroup;
			children = (
				823ED43929F7D17C001E0F7B /* Preview Assets.xcassets */,
			);
			path = "Preview Content";
			sourceTree = "<group>";
		};
		829128C42A03AEB1003B23C9 /* Models */ = {
			isa = PBXGroup;
			children = (
				829128D02A03C685003B23C9 /* MuscleGroup.swift */,
				829128D22A03C6A0003B23C9 /* Exercise.swift */,
				829128D42A03C9C6003B23C9 /* ExerciseData.swift */,
				82EEBECB2A178E7A0055A610 /* ExerciseStore.swift */,
			);
			path = Models;
			sourceTree = "<group>";
		};
		829128C52A03AEB9003B23C9 /* Views */ = {
			isa = PBXGroup;
			children = (
				82520BC229FA5B8500869E64 /* HomeScreen.swift */,
				829128D62A03DA99003B23C9 /* DayWorkoutScreen.swift */,
				820E5C0E2A0CFBFA001FCAA7 /* SplashScreen.swift */,
				82F097D22A0E371100B52FA8 /* AddExerciseView.swift */,
			);
			path = Views;
			sourceTree = "<group>";
		};
/* End PBXGroup section */

/* Begin PBXNativeTarget section */
		823ED42E29F7D17A001E0F7B /* Workout Pal */ = {
			isa = PBXNativeTarget;
			buildConfigurationList = 823ED43D29F7D17C001E0F7B /* Build configuration list for PBXNativeTarget "Workout Pal" */;
			buildPhases = (
				823ED42B29F7D17A001E0F7B /* Sources */,
				823ED42C29F7D17A001E0F7B /* Frameworks */,
				823ED42D29F7D17A001E0F7B /* Resources */,
			);
			buildRules = (
			);
			dependencies = (
			);
			name = "Workout Pal";
			productName = "Workout Pal";
			productReference = 823ED42F29F7D17A001E0F7B /* Workout Pal.app */;
			productType = "com.apple.product-type.application";
		};
/* End PBXNativeTarget section */

/* Begin PBXProject section */
		823ED42729F7D17A001E0F7B /* Project object */ = {
			isa = PBXProject;
			attributes = {
				BuildIndependentTargetsInParallel = 1;
				LastSwiftUpdateCheck = 1420;
				LastUpgradeCheck = 1420;
				TargetAttributes = {
					823ED42E29F7D17A001E0F7B = {
						CreatedOnToolsVersion = 14.2;
					};
				};
			};
			buildConfigurationList = 823ED42A29F7D17A001E0F7B /* Build configuration list for PBXProject "Workout Pal" */;
			compatibilityVersion = "Xcode 14.0";
			developmentRegion = en;
			hasScannedForEncodings = 0;
			knownRegions = (
				en,
				Base,
			);
			mainGroup = 823ED42629F7D17A001E0F7B;
			productRefGroup = 823ED43029F7D17A001E0F7B /* Products */;
			projectDirPath = "";
			projectRoot = "";
			targets = (
				823ED42E29F7D17A001E0F7B /* Workout Pal */,
			);
		};
/* End PBXProject section */

/* Begin PBXResourcesBuildPhase section */
		823ED42D29F7D17A001E0F7B /* Resources */ = {
			isa = PBXResourcesBuildPhase;
			buildActionMask = 2147483647;
			files = (
				823ED43A29F7D17C001E0F7B /* Preview Assets.xcassets in Resources */,
				823ED43729F7D17C001E0F7B /* Assets.xcassets in Resources */,
			);
			runOnlyForDeploymentPostprocessing = 0;
		};
/* End PBXResourcesBuildPhase section */

/* Begin PBXSourcesBuildPhase section */
		823ED42B29F7D17A001E0F7B /* Sources */ = {
			isa = PBXSourcesBuildPhase;
			buildActionMask = 2147483647;
			files = (
				829128D72A03DA99003B23C9 /* DayWorkoutScreen.swift in Sources */,
				829128D52A03C9C6003B23C9 /* ExerciseData.swift in Sources */,
				82EEBECC2A178E7A0055A610 /* ExerciseStore.swift in Sources */,
				820E5C0F2A0CFBFA001FCAA7 /* SplashScreen.swift in Sources */,
				823ED43329F7D17A001E0F7B /* Workout_PalApp.swift in Sources */,
				82F097D32A0E371100B52FA8 /* AddExerciseView.swift in Sources */,
				829128D32A03C6A0003B23C9 /* Exercise.swift in Sources */,
				82520BC329FA5B8500869E64 /* HomeScreen.swift in Sources */,
				829128D12A03C685003B23C9 /* MuscleGroup.swift in Sources */,
			);
			runOnlyForDeploymentPostprocessing = 0;
		};
/* End PBXSourcesBuildPhase section */

/* Begin XCBuildConfiguration section */
		823ED43B29F7D17C001E0F7B /* Debug */ = {
			isa = XCBuildConfiguration;
			buildSettings = {
				ALWAYS_SEARCH_USER_PATHS = NO;
				CLANG_ANALYZER_NONNULL = YES;
				CLANG_ANALYZER_NUMBER_OBJECT_CONVERSION = YES_AGGRESSIVE;
				CLANG_CXX_LANGUAGE_STANDARD = "gnu++20";
				CLANG_ENABLE_MODULES = YES;
				CLANG_ENABLE_OBJC_ARC = YES;
				CLANG_ENABLE_OBJC_WEAK = YES;
				CLANG_WARN_BLOCK_CAPTURE_AUTORELEASING = YES;
				CLANG_WARN_BOOL_CONVERSION = YES;
				CLANG_WARN_COMMA = YES;
				CLANG_WARN_CONSTANT_CONVERSION = YES;
				CLANG_WARN_DEPRECATED_OBJC_IMPLEMENTATIONS = YES;
				CLANG_WARN_DIRECT_OBJC_ISA_USAGE = YES_ERROR;
				CLANG_WARN_DOCUMENTATION_COMMENTS = YES;
				CLANG_WARN_EMPTY_BODY = YES;
				CLANG_WARN_ENUM_CONVERSION = YES;
				CLANG_WARN_INFINITE_RECURSION = YES;
				CLANG_WARN_INT_CONVERSION = YES;
				CLANG_WARN_NON_LITERAL_NULL_CONVERSION = YES;
				CLANG_WARN_OBJC_IMPLICIT_RETAIN_SELF = YES;
				CLANG_WARN_OBJC_LITERAL_CONVERSION = YES;
				CLANG_WARN_OBJC_ROOT_CLASS = YES_ERROR;
				CLANG_WARN_QUOTED_INCLUDE_IN_FRAMEWORK_HEADER = YES;
				CLANG_WARN_RANGE_LOOP_ANALYSIS = YES;
				CLANG_WARN_STRICT_PROTOTYPES = YES;
				CLANG_WARN_SUSPICIOUS_MOVE = YES;
				CLANG_WARN_UNGUARDED_AVAILABILITY = YES_AGGRESSIVE;
				CLANG_WARN_UNREACHABLE_CODE = YES;
				CLANG_WARN__DUPLICATE_METHOD_MATCH = YES;
				COPY_PHASE_STRIP = NO;
				DEBUG_INFORMATION_FORMAT = dwarf;
				ENABLE_STRICT_OBJC_MSGSEND = YES;
				ENABLE_TESTABILITY = YES;
				GCC_C_LANGUAGE_STANDARD = gnu11;
				GCC_DYNAMIC_NO_PIC = NO;
				GCC_NO_COMMON_BLOCKS = YES;
				GCC_OPTIMIZATION_LEVEL = 0;
				GCC_PREPROCESSOR_DEFINITIONS = (
					"DEBUG=1",
					"$(inherited)",
				);
				GCC_WARN_64_TO_32_BIT_CONVERSION = YES;
				GCC_WARN_ABOUT_RETURN_TYPE = YES_ERROR;
				GCC_WARN_UNDECLARED_SELECTOR = YES;
				GCC_WARN_UNINITIALIZED_AUTOS = YES_AGGRESSIVE;
				GCC_WARN_UNUSED_FUNCTION = YES;
				GCC_WARN_UNUSED_VARIABLE = YES;
				IPHONEOS_DEPLOYMENT_TARGET = 16.2;
				MTL_ENABLE_DEBUG_INFO = INCLUDE_SOURCE;
				MTL_FAST_MATH = YES;
				ONLY_ACTIVE_ARCH = YES;
				SDKROOT = iphoneos;
				SWIFT_ACTIVE_COMPILATION_CONDITIONS = DEBUG;
				SWIFT_OPTIMIZATION_LEVEL = "-Onone";
			};
			name = Debug;
		};
		823ED43C29F7D17C001E0F7B /* Release */ = {
			isa = XCBuildConfiguration;
			buildSettings = {
				ALWAYS_SEARCH_USER_PATHS = NO;
				CLANG_ANALYZER_NONNULL = YES;
				CLANG_ANALYZER_NUMBER_OBJECT_CONVERSION = YES_AGGRESSIVE;
				CLANG_CXX_LANGUAGE_STANDARD = "gnu++20";
				CLANG_ENABLE_MODULES = YES;
				CLANG_ENABLE_OBJC_ARC = YES;
				CLANG_ENABLE_OBJC_WEAK = YES;
				CLANG_WARN_BLOCK_CAPTURE_AUTORELEASING = YES;
				CLANG_WARN_BOOL_CONVERSION = YES;
				CLANG_WARN_COMMA = YES;
				CLANG_WARN_CONSTANT_CONVERSION = YES;
				CLANG_WARN_DEPRECATED_OBJC_IMPLEMENTATIONS = YES;
				CLANG_WARN_DIRECT_OBJC_ISA_USAGE = YES_ERROR;
				CLANG_WARN_DOCUMENTATION_COMMENTS = YES;
				CLANG_WARN_EMPTY_BODY = YES;
				CLANG_WARN_ENUM_CONVERSION = YES;
				CLANG_WARN_INFINITE_RECURSION = YES;
				CLANG_WARN_INT_CONVERSION = YES;
				CLANG_WARN_NON_LITERAL_NULL_CONVERSION = YES;
				CLANG_WARN_OBJC_IMPLICIT_RETAIN_SELF = YES;
				CLANG_WARN_OBJC_LITERAL_CONVERSION = YES;
				CLANG_WARN_OBJC_ROOT_CLASS = YES_ERROR;
				CLANG_WARN_QUOTED_INCLUDE_IN_FRAMEWORK_HEADER = YES;
				CLANG_WARN_RANGE_LOOP_ANALYSIS = YES;
				CLANG_WARN_STRICT_PROTOTYPES = YES;
				CLANG_WARN_SUSPICIOUS_MOVE = YES;
				CLANG_WARN_UNGUARDED_AVAILABILITY = YES_AGGRESSIVE;
				CLANG_WARN_UNREACHABLE_CODE = YES;
				CLANG_WARN__DUPLICATE_METHOD_MATCH = YES;
				COPY_PHASE_STRIP = NO;
				DEBUG_INFORMATION_FORMAT = "dwarf-with-dsym";
				ENABLE_NS_ASSERTIONS = NO;
				ENABLE_STRICT_OBJC_MSGSEND = YES;
				GCC_C_LANGUAGE_STANDARD = gnu11;
				GCC_NO_COMMON_BLOCKS = YES;
				GCC_WARN_64_TO_32_BIT_CONVERSION = YES;
				GCC_WARN_ABOUT_RETURN_TYPE = YES_ERROR;
				GCC_WARN_UNDECLARED_SELECTOR = YES;
				GCC_WARN_UNINITIALIZED_AUTOS = YES_AGGRESSIVE;
				GCC_WARN_UNUSED_FUNCTION = YES;
				GCC_WARN_UNUSED_VARIABLE = YES;
				IPHONEOS_DEPLOYMENT_TARGET = 16.2;
				MTL_ENABLE_DEBUG_INFO = NO;
				MTL_FAST_MATH = YES;
				SDKROOT = iphoneos;
				SWIFT_COMPILATION_MODE = wholemodule;
				SWIFT_OPTIMIZATION_LEVEL = "-O";
				VALIDATE_PRODUCT = YES;
			};
			name = Release;
		};
		823ED43E29F7D17C001E0F7B /* Debug */ = {
			isa = XCBuildConfiguration;
			buildSettings = {
				ASSETCATALOG_COMPILER_APPICON_NAME = AppIcon;
				ASSETCATALOG_COMPILER_GLOBAL_ACCENT_COLOR_NAME = AccentColor;
				CODE_SIGN_STYLE = Automatic;
				CURRENT_PROJECT_VERSION = 1;
				DEVELOPMENT_ASSET_PATHS = "\"Workout Pal/Preview Content\"";
				DEVELOPMENT_TEAM = 2VJ7Q877TR;
				ENABLE_PREVIEWS = YES;
				GENERATE_INFOPLIST_FILE = YES;
				INFOPLIST_KEY_UIApplicationSceneManifest_Generation = YES;
				INFOPLIST_KEY_UIApplicationSupportsIndirectInputEvents = YES;
				INFOPLIST_KEY_UILaunchScreen_Generation = YES;
				INFOPLIST_KEY_UISupportedInterfaceOrientations_iPad = "UIInterfaceOrientationPortrait UIInterfaceOrientationPortraitUpsideDown UIInterfaceOrientationLandscapeLeft UIInterfaceOrientationLandscapeRight";
				INFOPLIST_KEY_UISupportedInterfaceOrientations_iPhone = "UIInterfaceOrientationPortrait UIInterfaceOrientationLandscapeLeft UIInterfaceOrientationLandscapeRight";
				LD_RUNPATH_SEARCH_PATHS = (
					"$(inherited)",
					"@executable_path/Frameworks",
				);
				MARKETING_VERSION = 1.0;
				PRODUCT_BUNDLE_IDENTIFIER = "com.iosprog.Workout-Pal";
				PRODUCT_NAME = "$(TARGET_NAME)";
				SWIFT_EMIT_LOC_STRINGS = YES;
				SWIFT_VERSION = 5.0;
				TARGETED_DEVICE_FAMILY = "1,2";
			};
			name = Debug;
		};
		823ED43F29F7D17C001E0F7B /* Release */ = {
			isa = XCBuildConfiguration;
			buildSettings = {
				ASSETCATALOG_COMPILER_APPICON_NAME = AppIcon;
				ASSETCATALOG_COMPILER_GLOBAL_ACCENT_COLOR_NAME = AccentColor;
				CODE_SIGN_STYLE = Automatic;
				CURRENT_PROJECT_VERSION = 1;
				DEVELOPMENT_ASSET_PATHS = "\"Workout Pal/Preview Content\"";
				DEVELOPMENT_TEAM = 2VJ7Q877TR;
				ENABLE_PREVIEWS = YES;
				GENERATE_INFOPLIST_FILE = YES;
				INFOPLIST_KEY_UIApplicationSceneManifest_Generation = YES;
				INFOPLIST_KEY_UIApplicationSupportsIndirectInputEvents = YES;
				INFOPLIST_KEY_UILaunchScreen_Generation = YES;
				INFOPLIST_KEY_UISupportedInterfaceOrientations_iPad = "UIInterfaceOrientationPortrait UIInterfaceOrientationPortraitUpsideDown UIInterfaceOrientationLandscapeLeft UIInterfaceOrientationLandscapeRight";
				INFOPLIST_KEY_UISupportedInterfaceOrientations_iPhone = "UIInterfaceOrientationPortrait UIInterfaceOrientationLandscapeLeft UIInterfaceOrientationLandscapeRight";
				LD_RUNPATH_SEARCH_PATHS = (
					"$(inherited)",
					"@executable_path/Frameworks",
				);
				MARKETING_VERSION = 1.0;
				PRODUCT_BUNDLE_IDENTIFIER = "com.iosprog.Workout-Pal";
				PRODUCT_NAME = "$(TARGET_NAME)";
				SWIFT_EMIT_LOC_STRINGS = YES;
				SWIFT_VERSION = 5.0;
				TARGETED_DEVICE_FAMILY = "1,2";
			};
			name = Release;
		};
/* End XCBuildConfiguration section */

/* Begin XCConfigurationList section */
		823ED42A29F7D17A001E0F7B /* Build configuration list for PBXProject "Workout Pal" */ = {
			isa = XCConfigurationList;
			buildConfigurations = (
				823ED43B29F7D17C001E0F7B /* Debug */,
				823ED43C29F7D17C001E0F7B /* Release */,
			);
			defaultConfigurationIsVisible = 0;
			defaultConfigurationName = Release;
		};
		823ED43D29F7D17C001E0F7B /* Build configuration list for PBXNativeTarget "Workout Pal" */ = {
			isa = XCConfigurationList;
			buildConfigurations = (
				823ED43E29F7D17C001E0F7B /* Debug */,
				823ED43F29F7D17C001E0F7B /* Release */,
			);
			defaultConfigurationIsVisible = 0;
			defaultConfigurationName = Release;
		};
/* End XCConfigurationList section */
	};
	rootObject = 823ED42729F7D17A001E0F7B /* Project object */;
}
